
Microsoft Visual Studio Solution File, Format Version 12.00
# Visual Studio Version 17
VisualStudioVersion = 17.6.33815.320
MinimumVisualStudioVersion = 10.0.40219.1
Project("{9A19103F-16F7-4668-BE54-9A1E7A4F7556}") = "OpenGate", "src\OpenGate\OpenGate.csproj", "{B7C4AC45-577C-4896-9886-483A1F6F5477}"
EndProject
Project("{E53339B2-1760-4266-BCC7-CA923CBCF16C}") = "docker-compose", "docker-compose.dcproj", "{7CB18114-F2E9-4811-8758-D5E3845BB123}"
EndProject
Global
	GlobalSection(SolutionConfigurationPlatforms) = preSolution
		Debug|Any CPU = Debug|Any CPU
		Release|Any CPU = Release|Any CPU
	EndGlobalSection
	GlobalSection(ProjectConfigurationPlatforms) = postSolution
		{B7C4AC45-577C-4896-9886-483A1F6F5477}.Debug|Any CPU.ActiveCfg = Debug|Any CPU
		{B7C4AC45-577C-4896-9886-483A1F6F5477}.Debug|Any CPU.Build.0 = Debug|Any CPU
		{B7C4AC45-577C-4896-9886-483A1F6F5477}.Release|Any CPU.ActiveCfg = Release|Any CPU
		{B7C4AC45-577C-4896-9886-483A1F6F5477}.Release|Any CPU.Build.0 = Release|Any CPU
		{7CB18114-F2E9-4811-8758-D5E3845BB123}.Debug|Any CPU.ActiveCfg = Debug|Any CPU
		{7CB18114-F2E9-4811-8758-D5E3845BB123}.Debug|Any CPU.Build.0 = Debug|Any CPU
		{7CB18114-F2E9-4811-8758-D5E3845BB123}.Release|Any CPU.ActiveCfg = Release|Any CPU
		{7CB18114-F2E9-4811-8758-D5E3845BB123}.Release|Any CPU.Build.0 = Release|Any CPU
	EndGlobalSection
	GlobalSection(SolutionProperties) = preSolution
		HideSolutionNode = FALSE
	EndGlobalSection
	GlobalSection(ExtensibilityGlobals) = postSolution
		SolutionGuid = {18CB5044-CA81-45E0-A8C8-BACF84640F4A}
	EndGlobalSection
EndGlobal
